// !$*UTF8*$!
{
	archiveVersion = 1;
	classes = {
	};
	objectVersion = 46;
	objects = {

/* Begin PBXBuildFile section */
		7481B1391C006C2700749C11 /* main.m in Sources */ = {isa = PBXBuildFile; fileRef = 7481B1381C006C2700749C11 /* main.m */; };
		7481B13C1C006C2700749C11 /* AppDelegate.m in Sources */ = {isa = PBXBuildFile; fileRef = 7481B13B1C006C2700749C11 /* AppDelegate.m */; };
		7481B13F1C006C2700749C11 /* ViewController.m in Sources */ = {isa = PBXBuildFile; fileRef = 7481B13E1C006C2700749C11 /* ViewController.m */; };
		7481B1421C006C2700749C11 /* Main.storyboard in Resources */ = {isa = PBXBuildFile; fileRef = 7481B1401C006C2700749C11 /* Main.storyboard */; };
		7481B1441C006C2700749C11 /* Assets.xcassets in Resources */ = {isa = PBXBuildFile; fileRef = 7481B1431C006C2700749C11 /* Assets.xcassets */; };
		7481B1471C006C2700749C11 /* LaunchScreen.storyboard in Resources */ = {isa = PBXBuildFile; fileRef = 7481B1451C006C2700749C11 /* LaunchScreen.storyboard */; };
		7481B1521C006C2800749C11 /* clevertecTestTests.m in Sources */ = {isa = PBXBuildFile; fileRef = 7481B1511C006C2800749C11 /* clevertecTestTests.m */; };
		7481B15D1C006C2800749C11 /* clevertecTestUITests.m in Sources */ = {isa = PBXBuildFile; fileRef = 7481B15C1C006C2800749C11 /* clevertecTestUITests.m */; };
/* End PBXBuildFile section */

/* Begin PBXContainerItemProxy section */
		7481B14E1C006C2800749C11 /* PBXContainerItemProxy */ = {
			isa = PBXContainerItemProxy;
			containerPortal = 7481B12C1C006C2700749C11 /* Project object */;
			proxyType = 1;
			remoteGlobalIDString = 7481B1331C006C2700749C11;
			remoteInfo = clevertecTest;
		};
		7481B1591C006C2800749C11 /* PBXContainerItemProxy */ = {
			isa = PBXContainerItemProxy;
			containerPortal = 7481B12C1C006C2700749C11 /* Project object */;
			proxyType = 1;
			remoteGlobalIDString = 7481B1331C006C2700749C11;
			remoteInfo = clevertecTest;
		};
/* End PBXContainerItemProxy section */

/* Begin PBXFileReference section */
		7481B1341C006C2700749C11 /* clevertecTest.app */ = {isa = PBXFileReference; explicitFileType = wrapper.application; includeInIndex = 0; path = clevertecTest.app; sourceTree = BUILT_PRODUCTS_DIR; };
		7481B1381C006C2700749C11 /* main.m */ = {isa = PBXFileReference; lastKnownFileType = sourcecode.c.objc; path = main.m; sourceTree = "<group>"; };
		7481B13A1C006C2700749C11 /* AppDelegate.h */ = {isa = PBXFileReference; lastKnownFileType = sourcecode.c.h; path = AppDelegate.h; sourceTree = "<group>"; };
		7481B13B1C006C2700749C11 /* AppDelegate.m */ = {isa = PBXFileReference; lastKnownFileType = sourcecode.c.objc; path = AppDelegate.m; sourceTree = "<group>"; };
		7481B13D1C006C2700749C11 /* ViewController.h */ = {isa = PBXFileReference; lastKnownFileType = sourcecode.c.h; path = ViewController.h; sourceTree = "<group>"; };
		7481B13E1C006C2700749C11 /* ViewController.m */ = {isa = PBXFileReference; lastKnownFileType = sourcecode.c.objc; path = ViewController.m; sourceTree = "<group>"; };
		7481B1411C006C2700749C11 /* Base */ = {isa = PBXFileReference; lastKnownFileType = file.storyboard; name = Base; path = Base.lproj/Main.storyboard; sourceTree = "<group>"; };
		7481B1431C006C2700749C11 /* Assets.xcassets */ = {isa = PBXFileReference; lastKnownFileType = folder.assetcatalog; path = Assets.xcassets; sourceTree = "<group>"; };
		7481B1461C006C2700749C11 /* Base */ = {isa = PBXFileReference; lastKnownFileType = file.storyboard; name = Base; path = Base.lproj/LaunchScreen.storyboard; sourceTree = "<group>"; };
		7481B1481C006C2700749C11 /* Info.plist */ = {isa = PBXFileReference; lastKnownFileType = text.plist.xml; path = Info.plist; sourceTree = "<group>"; };
		7481B14D1C006C2800749C11 /* clevertecTestTests.xctest */ = {isa = PBXFileReference; explicitFileType = wrapper.cfbundle; includeInIndex = 0; path = clevertecTestTests.xctest; sourceTree = BUILT_PRODUCTS_DIR; };
		7481B1511C006C2800749C11 /* clevertecTestTests.m */ = {isa = PBXFileReference; lastKnownFileType = sourcecode.c.objc; path = clevertecTestTests.m; sourceTree = "<group>"; };
		7481B1531C006C2800749C11 /* Info.plist */ = {isa = PBXFileReference; lastKnownFileType = text.plist.xml; path = Info.plist; sourceTree = "<group>"; };
		7481B1581C006C2800749C11 /* clevertecTestUITests.xctest */ = {isa = PBXFileReference; explicitFileType = wrapper.cfbundle; includeInIndex = 0; path = clevertecTestUITests.xctest; sourceTree = BUILT_PRODUCTS_DIR; };
		7481B15C1C006C2800749C11 /* clevertecTestUITests.m */ = {isa = PBXFileReference; lastKnownFileType = sourcecode.c.objc; path = clevertecTestUITests.m; sourceTree = "<group>"; };
		7481B15E1C006C2800749C11 /* Info.plist */ = {isa = PBXFileReference; lastKnownFileType = text.plist.xml; path = Info.plist; sourceTree = "<group>"; };
/* End PBXFileReference section */

/* Begin PBXFrameworksBuildPhase section */
		7481B1311C006C2700749C11 /* Frameworks */ = {
			isa = PBXFrameworksBuildPhase;
			buildActionMask = 2147483647;
			files = (
			);
			runOnlyForDeploymentPostprocessing = 0;
		};
		7481B14A1C006C2800749C11 /* Frameworks */ = {
			isa = PBXFrameworksBuildPhase;
			buildActionMask = 2147483647;
			files = (
			);
			runOnlyForDeploymentPostprocessing = 0;
		};
		7481B1551C006C2800749C11 /* Frameworks */ = {
			isa = PBXFrameworksBuildPhase;
			buildActionMask = 2147483647;
			files = (
			);
			runOnlyForDeploymentPostprocessing = 0;
		};
/* End PBXFrameworksBuildPhase section */

/* Begin PBXGroup section */
		7481B12B1C006C2700749C11 = {
			isa = PBXGroup;
			children = (
				7481B1361C006C2700749C11 /* clevertecTest */,
				7481B1501C006C2800749C11 /* clevertecTestTests */,
				7481B15B1C006C2800749C11 /* clevertecTestUITests */,
				7481B1351C006C2700749C11 /* Products */,
			);
			sourceTree = "<group>";
		};
		7481B1351C006C2700749C11 /* Products */ = {
			isa = PBXGroup;
			children = (
				7481B1341C006C2700749C11 /* clevertecTest.app */,
				7481B14D1C006C2800749C11 /* clevertecTestTests.xctest */,
				7481B1581C006C2800749C11 /* clevertecTestUITests.xctest */,
			);
			name = Products;
			sourceTree = "<group>";
		};
		7481B1361C006C2700749C11 /* clevertecTest */ = {
			isa = PBXGroup;
			children = (
				7481B13A1C006C2700749C11 /* AppDelegate.h */,
				7481B13B1C006C2700749C11 /* AppDelegate.m */,
				7481B13D1C006C2700749C11 /* ViewController.h */,
				7481B13E1C006C2700749C11 /* ViewController.m */,
				7481B1401C006C2700749C11 /* Main.storyboard */,
				7481B1431C006C2700749C11 /* Assets.xcassets */,
				7481B1451C006C2700749C11 /* LaunchScreen.storyboard */,
				7481B1481C006C2700749C11 /* Info.plist */,
				7481B1371C006C2700749C11 /* Supporting Files */,
			);
			path = clevertecTest;
			sourceTree = "<group>";
		};
		7481B1371C006C2700749C11 /* Supporting Files */ = {
			isa = PBXGroup;
			children = (
				7481B1381C006C2700749C11 /* main.m */,
			);
			name = "Supporting Files";
			sourceTree = "<group>";
		};
		7481B1501C006C2800749C11 /* clevertecTestTests */ = {
			isa = PBXGroup;
			children = (
				7481B1511C006C2800749C11 /* clevertecTestTests.m */,
				7481B1531C006C2800749C11 /* Info.plist */,
			);
			path = clevertecTestTests;
			sourceTree = "<group>";
		};
		7481B15B1C006C2800749C11 /* clevertecTestUITests */ = {
			isa = PBXGroup;
			children = (
				7481B15C1C006C2800749C11 /* clevertecTestUITests.m */,
				7481B15E1C006C2800749C11 /* Info.plist */,
			);
			path = clevertecTestUITests;
			sourceTree = "<group>";
		};
/* End PBXGroup section */

/* Begin PBXNativeTarget section */
		7481B1331C006C2700749C11 /* clevertecTest */ = {
			isa = PBXNativeTarget;
			buildConfigurationList = 7481B1611C006C2800749C11 /* Build configuration list for PBXNativeTarget "clevertecTest" */;
			buildPhases = (
				7481B1301C006C2700749C11 /* Sources */,
				7481B1311C006C2700749C11 /* Frameworks */,
				7481B1321C006C2700749C11 /* Resources */,
			);
			buildRules = (
			);
			dependencies = (
			);
			name = clevertecTest;
			productName = clevertecTest;
			productReference = 7481B1341C006C2700749C11 /* clevertecTest.app */;
			productType = "com.apple.product-type.application";
		};
		7481B14C1C006C2800749C11 /* clevertecTestTests */ = {
			isa = PBXNativeTarget;
			buildConfigurationList = 7481B1641C006C2800749C11 /* Build configuration list for PBXNativeTarget "clevertecTestTests" */;
			buildPhases = (
				7481B1491C006C2800749C11 /* Sources */,
				7481B14A1C006C2800749C11 /* Frameworks */,
				7481B14B1C006C2800749C11 /* Resources */,
			);
			buildRules = (
			);
			dependencies = (
				7481B14F1C006C2800749C11 /* PBXTargetDependency */,
			);
			name = clevertecTestTests;
			productName = clevertecTestTests;
			productReference = 7481B14D1C006C2800749C11 /* clevertecTestTests.xctest */;
			productType = "com.apple.product-type.bundle.unit-test";
		};
		7481B1571C006C2800749C11 /* clevertecTestUITests */ = {
			isa = PBXNativeTarget;
			buildConfigurationList = 7481B1671C006C2800749C11 /* Build configuration list for PBXNativeTarget "clevertecTestUITests" */;
			buildPhases = (
				7481B1541C006C2800749C11 /* Sources */,
				7481B1551C006C2800749C11 /* Frameworks */,
				7481B1561C006C2800749C11 /* Resources */,
			);
			buildRules = (
			);
			dependencies = (
				7481B15A1C006C2800749C11 /* PBXTargetDependency */,
			);
			name = clevertecTestUITests;
			productName = clevertecTestUITests;
			productReference = 7481B1581C006C2800749C11 /* clevertecTestUITests.xctest */;
			productType = "com.apple.product-type.bundle.ui-testing";
		};
/* End PBXNativeTarget section */

/* Begin PBXProject section */
		7481B12C1C006C2700749C11 /* Project object */ = {
			isa = PBXProject;
			attributes = {
				LastUpgradeCheck = 0700;
				ORGANIZATIONNAME = Andrey;
				TargetAttributes = {
					7481B1331C006C2700749C11 = {
						CreatedOnToolsVersion = 7.0.1;
					};
					7481B14C1C006C2800749C11 = {
						CreatedOnToolsVersion = 7.0.1;
						TestTargetID = 7481B1331C006C2700749C11;
					};
					7481B1571C006C2800749C11 = {
						CreatedOnToolsVersion = 7.0.1;
						TestTargetID = 7481B1331C006C2700749C11;
					};
				};
			};
			buildConfigurationList = 7481B12F1C006C2700749C11 /* Build configuration list for PBXProject "clevertecTest" */;
			compatibilityVersion = "Xcode 3.2";
			developmentRegion = English;
			hasScannedForEncodings = 0;
			knownRegions = (
				en,
				Base,
			);
			mainGroup = 7481B12B1C006C2700749C11;
			productRefGroup = 7481B1351C006C2700749C11 /* Products */;
			projectDirPath = "";
			projectRoot = "";
			targets = (
				7481B1331C006C2700749C11 /* clevertecTest */,
				7481B14C1C006C2800749C11 /* clevertecTestTests */,
				7481B1571C006C2800749C11 /* clevertecTestUITests */,
			);
		};
/* End PBXProject section */

/* Begin PBXResourcesBuildPhase section */
		7481B1321C006C2700749C11 /* Resources */ = {
			isa = PBXResourcesBuildPhase;
			buildActionMask = 2147483647;
			files = (
				7481B1471C006C2700749C11 /* LaunchScreen.storyboard in Resources */,
				7481B1441C006C2700749C11 /* Assets.xcassets in Resources */,
				7481B1421C006C2700749C11 /* Main.storyboard in Resources */,
			);
			runOnlyForDeploymentPostprocessing = 0;
		};
		7481B14B1C006C2800749C11 /* Resources */ = {
			isa = PBXResourcesBuildPhase;
			buildActionMask = 2147483647;
			files = (
			);
			runOnlyForDeploymentPostprocessing = 0;
		};
		7481B1561C006C2800749C11 /* Resources */ = {
			isa = PBXResourcesBuildPhase;
			buildActionMask = 2147483647;
			files = (
			);
			runOnlyForDeploymentPostprocessing = 0;
		};
/* End PBXResourcesBuildPhase section */

/* Begin PBXSourcesBuildPhase section */
		7481B1301C006C2700749C11 /* Sources */ = {
			isa = PBXSourcesBuildPhase;
			buildActionMask = 2147483647;
			files = (
				7481B13F1C006C2700749C11 /* ViewController.m in Sources */,
				7481B13C1C006C2700749C11 /* AppDelegate.m in Sources */,
				7481B1391C006C2700749C11 /* main.m in Sources */,
			);
			runOnlyForDeploymentPostprocessing = 0;
		};
		7481B1491C006C2800749C11 /* Sources */ = {
			isa = PBXSourcesBuildPhase;
			buildActionMask = 2147483647;
			files = (
				7481B1521C006C2800749C11 /* clevertecTestTests.m in Sources */,
			);
			runOnlyForDeploymentPostprocessing = 0;
		};
		7481B1541C006C2800749C11 /* Sources */ = {
			isa = PBXSourcesBuildPhase;
			buildActionMask = 2147483647;
			files = (
				7481B15D1C006C2800749C11 /* clevertecTestUITests.m in Sources */,
			);
			runOnlyForDeploymentPostprocessing = 0;
		};
/* End PBXSourcesBuildPhase section */

/* Begin PBXTargetDependency section */
		7481B14F1C006C2800749C11 /* PBXTargetDependency */ = {
			isa = PBXTargetDependency;
			target = 7481B1331C006C2700749C11 /* clevertecTest */;
			targetProxy = 7481B14E1C006C2800749C11 /* PBXContainerItemProxy */;
		};
		7481B15A1C006C2800749C11 /* PBXTargetDependency */ = {
			isa = PBXTargetDependency;
			target = 7481B1331C006C2700749C11 /* clevertecTest */;
			targetProxy = 7481B1591C006C2800749C11 /* PBXContainerItemProxy */;
		};
/* End PBXTargetDependency section */

/* Begin PBXVariantGroup section */
		7481B1401C006C2700749C11 /* Main.storyboard */ = {
			isa = PBXVariantGroup;
			children = (
				7481B1411C006C2700749C11 /* Base */,
			);
			name = Main.storyboard;
			sourceTree = "<group>";
		};
		7481B1451C006C2700749C11 /* LaunchScreen.storyboard */ = {
			isa = PBXVariantGroup;
			children = (
				7481B1461C006C2700749C11 /* Base */,
			);
			name = LaunchScreen.storyboard;
			sourceTree = "<group>";
		};
/* End PBXVariantGroup section */

/* Begin XCBuildConfiguration section */
		7481B15F1C006C2800749C11 /* Debug */ = {
			isa = XCBuildConfiguration;
			buildSettings = {
				ALWAYS_SEARCH_USER_PATHS = NO;
				CLANG_CXX_LANGUAGE_STANDARD = "gnu++0x";
				CLANG_CXX_LIBRARY = "libc++";
				CLANG_ENABLE_MODULES = YES;
				CLANG_ENABLE_OBJC_ARC = YES;
				CLANG_WARN_BOOL_CONVERSION = YES;
				CLANG_WARN_CONSTANT_CONVERSION = YES;
				CLANG_WARN_DIRECT_OBJC_ISA_USAGE = YES_ERROR;
				CLANG_WARN_EMPTY_BODY = YES;
				CLANG_WARN_ENUM_CONVERSION = YES;
				CLANG_WARN_INT_CONVERSION = YES;
				CLANG_WARN_OBJC_ROOT_CLASS = YES_ERROR;
				CLANG_WARN_UNREACHABLE_CODE = YES;
				CLANG_WARN__DUPLICATE_METHOD_MATCH = YES;
				"CODE_SIGN_IDENTITY[sdk=iphoneos*]" = "iPhone Developer";
				COPY_PHASE_STRIP = NO;
				DEBUG_INFORMATION_FORMAT = dwarf;
				ENABLE_STRICT_OBJC_MSGSEND = YES;
				ENABLE_TESTABILITY = YES;
				GCC_C_LANGUAGE_STANDARD = gnu99;
				GCC_DYNAMIC_NO_PIC = NO;
				GCC_NO_COMMON_BLOCKS = YES;
				GCC_OPTIMIZATION_LEVEL = 0;
				GCC_PREPROCESSOR_DEFINITIONS = (
					"DEBUG=1",
					"$(inherited)",
				);
				GCC_WARN_64_TO_32_BIT_CONVERSION = YES;
				GCC_WARN_ABOUT_RETURN_TYPE = YES_ERROR;
				GCC_WARN_UNDECLARED_SELECTOR = YES;
				GCC_WARN_UNINITIALIZED_AUTOS = YES_AGGRESSIVE;
				GCC_WARN_UNUSED_FUNCTION = YES;
				GCC_WARN_UNUSED_VARIABLE = YES;
				IPHONEOS_DEPLOYMENT_TARGET = 9.0;
				MTL_ENABLE_DEBUG_INFO = YES;
				ONLY_ACTIVE_ARCH = YES;
				SDKROOT = iphoneos;
			};
			name = Debug;
		};
		7481B1601C006C2800749C11 /* Release */ = {
			isa = XCBuildConfiguration;
			buildSettings = {
				ALWAYS_SEARCH_USER_PATHS = NO;
				CLANG_CXX_LANGUAGE_STANDARD = "gnu++0x";
				CLANG_CXX_LIBRARY = "libc++";
				CLANG_ENABLE_MODULES = YES;
				CLANG_ENABLE_OBJC_ARC = YES;
				CLANG_WARN_BOOL_CONVERSION = YES;
				CLANG_WARN_CONSTANT_CONVERSION = YES;
				CLANG_WARN_DIRECT_OBJC_ISA_USAGE = YES_ERROR;
				CLANG_WARN_EMPTY_BODY = YES;
				CLANG_WARN_ENUM_CONVERSION = YES;
				CLANG_WARN_INT_CONVERSION = YES;
				CLANG_WARN_OBJC_ROOT_CLASS = YES_ERROR;
				CLANG_WARN_UNREACHABLE_CODE = YES;
				CLANG_WARN__DUPLICATE_METHOD_MATCH = YES;
				"CODE_SIGN_IDENTITY[sdk=iphoneos*]" = "iPhone Developer";
				COPY_PHASE_STRIP = NO;
				DEBUG_INFORMATION_FORMAT = "dwarf-with-dsym";
				ENABLE_NS_ASSERTIONS = NO;
				ENABLE_STRICT_OBJC_MSGSEND = YES;
				GCC_C_LANGUAGE_STANDARD = gnu99;
				GCC_NO_COMMON_BLOCKS = YES;
				GCC_WARN_64_TO_32_BIT_CONVERSION = YES;
				GCC_WARN_ABOUT_RETURN_TYPE = YES_ERROR;
				GCC_WARN_UNDECLARED_SELECTOR = YES;
				GCC_WARN_UNINITIALIZED_AUTOS = YES_AGGRESSIVE;
				GCC_WARN_UNUSED_FUNCTION = YES;
				GCC_WARN_UNUSED_VARIABLE = YES;
				IPHONEOS_DEPLOYMENT_TARGET = 9.0;
				MTL_ENABLE_DEBUG_INFO = NO;
				SDKROOT = iphoneos;
				VALIDATE_PRODUCT = YES;
			};
			name = Release;
		};
		7481B1621C006C2800749C11 /* Debug */ = {
			isa = XCBuildConfiguration;
			buildSettings = {
				ASSETCATALOG_COMPILER_APPICON_NAME = AppIcon;
				INFOPLIST_FILE = clevertecTest/Info.plist;
				LD_RUNPATH_SEARCH_PATHS = "$(inherited) @executable_path/Frameworks";
				PRODUCT_BUNDLE_IDENTIFIER = ap.clevertecTest;
				PRODUCT_NAME = "$(TARGET_NAME)";
			};
			name = Debug;
		};
		7481B1631C006C2800749C11 /* Release */ = {
			isa = XCBuildConfiguration;
			buildSettings = {
				ASSETCATALOG_COMPILER_APPICON_NAME = AppIcon;
				INFOPLIST_FILE = clevertecTest/Info.plist;
				LD_RUNPATH_SEARCH_PATHS = "$(inherited) @executable_path/Frameworks";
				PRODUCT_BUNDLE_IDENTIFIER = ap.clevertecTest;
				PRODUCT_NAME = "$(TARGET_NAME)";
			};
			name = Release;
		};
		7481B1651C006C2800749C11 /* Debug */ = {
			isa = XCBuildConfiguration;
			buildSettings = {
				BUNDLE_LOADER = "$(TEST_HOST)";
				INFOPLIST_FILE = clevertecTestTests/Info.plist;
				LD_RUNPATH_SEARCH_PATHS = "$(inherited) @executable_path/Frameworks @loader_path/Frameworks";
				PRODUCT_BUNDLE_IDENTIFIER = ap.clevertecTestTests;
				PRODUCT_NAME = "$(TARGET_NAME)";
				TEST_HOST = "$(BUILT_PRODUCTS_DIR)/clevertecTest.app/clevertecTest";
			};
			name = Debug;
		};
		7481B1661C006C2800749C11 /* Release */ = {
			isa = XCBuildConfiguration;
			buildSettings = {
				BUNDLE_LOADER = "$(TEST_HOST)";
				INFOPLIST_FILE = clevertecTestTests/Info.plist;
				LD_RUNPATH_SEARCH_PATHS = "$(inherited) @executable_path/Frameworks @loader_path/Frameworks";
				PRODUCT_BUNDLE_IDENTIFIER = ap.clevertecTestTests;
				PRODUCT_NAME = "$(TARGET_NAME)";
				TEST_HOST = "$(BUILT_PRODUCTS_DIR)/clevertecTest.app/clevertecTest";
			};
			name = Release;
		};
		7481B1681C006C2800749C11 /* Debug */ = {
			isa = XCBuildConfiguration;
			buildSettings = {
				INFOPLIST_FILE = clevertecTestUITests/Info.plist;
				LD_RUNPATH_SEARCH_PATHS = "$(inherited) @executable_path/Frameworks @loader_path/Frameworks";
				PRODUCT_BUNDLE_IDENTIFIER = ap.clevertecTestUITests;
				PRODUCT_NAME = "$(TARGET_NAME)";
				TEST_TARGET_NAME = clevertecTest;
				USES_XCTRUNNER = YES;
			};
			name = Debug;
		};
		7481B1691C006C2800749C11 /* Release */ = {
			isa = XCBuildConfiguration;
			buildSettings = {
				INFOPLIST_FILE = clevertecTestUITests/Info.plist;
				LD_RUNPATH_SEARCH_PATHS = "$(inherited) @executable_path/Frameworks @loader_path/Frameworks";
				PRODUCT_BUNDLE_IDENTIFIER = ap.clevertecTestUITests;
				PRODUCT_NAME = "$(TARGET_NAME)";
				TEST_TARGET_NAME = clevertecTest;
				USES_XCTRUNNER = YES;
			};
			name = Release;
		};
/* End XCBuildConfiguration section */

/* Begin XCConfigurationList section */
		7481B12F1C006C2700749C11 /* Build configuration list for PBXProject "clevertecTest" */ = {
			isa = XCConfigurationList;
			buildConfigurations = (
				7481B15F1C006C2800749C11 /* Debug */,
				7481B1601C006C2800749C11 /* Release */,
			);
			defaultConfigurationIsVisible = 0;
			defaultConfigurationName = Release;
		};
		7481B1611C006C2800749C11 /* Build configuration list for PBXNativeTarget "clevertecTest" */ = {
			isa = XCConfigurationList;
			buildConfigurations = (
				7481B1621C006C2800749C11 /* Debug */,
				7481B1631C006C2800749C11 /* Release */,
			);
			defaultConfigurationIsVisible = 0;
		};
		7481B1641C006C2800749C11 /* Build configuration list for PBXNativeTarget "clevertecTestTests" */ = {
			isa = XCConfigurationList;
			buildConfigurations = (
				7481B1651C006C2800749C11 /* Debug */,
				7481B1661C006C2800749C11 /* Release */,
			);
			defaultConfigurationIsVisible = 0;
		};
		7481B1671C006C2800749C11 /* Build configuration list for PBXNativeTarget "clevertecTestUITests" */ = {
			isa = XCConfigurationList;
			buildConfigurations = (
				7481B1681C006C2800749C11 /* Debug */,
				7481B1691C006C2800749C11 /* Release */,
			);
			defaultConfigurationIsVisible = 0;
		};
/* End XCConfigurationList section */
	};
	rootObject = 7481B12C1C006C2700749C11 /* Project object */;
}
